{
  "requires": true,
  "lockfileVersion": 1,
  "dependencies": {
    "@next/env": {
      "version": "12.0.10",
      "resolved": "http://npm.zhenguanyu.com/@next/env/download/@next/env-12.0.10.tgz",
      "integrity": "sha1-VhZA/WInkhjM0nmK6Qe66NlKdzA="
    },
    "@next/swc-android-arm64": {
      "version": "12.0.10",
      "resolved": "http://npm.zhenguanyu.com/@next/swc-android-arm64/download/@next/swc-android-arm64-12.0.10.tgz",
      "integrity": "sha1-/Z1xZDPMnTYQIbAFL4sAK8r/lI0=",
      "optional": true
    },
    "@next/swc-darwin-arm64": {
      "version": "12.0.10",
      "resolved": "http://npm.zhenguanyu.com/@next/swc-darwin-arm64/download/@next/swc-darwin-arm64-12.0.10.tgz",
      "integrity": "sha1-NLLQ3GLrie+5F2rxEeOCChH9s/A=",
      "optional": true
    },
    "@next/swc-darwin-x64": {
      "version": "12.0.10",
      "resolved": "http://npm.zhenguanyu.com/@next/swc-darwin-x64/download/@next/swc-darwin-x64-12.0.10.tgz",
      "integrity": "sha1-pDBnlRWSk8fU1YosiM4XEP8Ki6o=",
      "optional": true
    },
    "@next/swc-linux-arm-gnueabihf": {
      "version": "12.0.10",
      "resolved": "http://npm.zhenguanyu.com/@next/swc-linux-arm-gnueabihf/download/@next/swc-linux-arm-gnueabihf-12.0.10.tgz",
      "integrity": "sha1-GtFa89X8ov71eJTWHhb3Ou5h7C4=",
      "optional": true
    },
    "@next/swc-linux-arm64-gnu": {
      "version": "12.0.10",
      "resolved": "http://npm.zhenguanyu.com/@next/swc-linux-arm64-gnu/download/@next/swc-linux-arm64-gnu-12.0.10.tgz",
      "integrity": "sha1-qEqS0OGhecQ0bJ7Y8i4m9wgQGtY=",
      "optional": true
    },
    "@next/swc-linux-arm64-musl": {
      "version": "12.0.10",
      "resolved": "http://npm.zhenguanyu.com/@next/swc-linux-arm64-musl/download/@next/swc-linux-arm64-musl-12.0.10.tgz",
      "integrity": "sha1-lz7JbHf4Rb0Kbuy/GJLKoe5N768=",
      "optional": true
    },
    "@next/swc-linux-x64-gnu": {
      "version": "12.0.10",
      "resolved": "http://npm.zhenguanyu.com/@next/swc-linux-x64-gnu/download/@next/swc-linux-x64-gnu-12.0.10.tgz",
      "integrity": "sha1-78x/glLqgiWDR2Dq8JNQ8b6tc/c=",
      "optional": true
    },
    "@next/swc-linux-x64-musl": {
      "version": "12.0.10",
      "resolved": "http://npm.zhenguanyu.com/@next/swc-linux-x64-musl/download/@next/swc-linux-x64-musl-12.0.10.tgz",
      "integrity": "sha1-wqc9k539MQrMGJKgoTJ2JQDdV1c=",
      "optional": true
    },
    "@next/swc-win32-arm64-msvc": {
      "version": "12.0.10",
      "resolved": "http://npm.zhenguanyu.com/@next/swc-win32-arm64-msvc/download/@next/swc-win32-arm64-msvc-12.0.10.tgz",
      "integrity": "sha1-IxavX2Es3haRq98lcf9A7DLqNCk=",
      "optional": true
    },
    "@next/swc-win32-ia32-msvc": {
      "version": "12.0.10",
      "resolved": "http://npm.zhenguanyu.com/@next/swc-win32-ia32-msvc/download/@next/swc-win32-ia32-msvc-12.0.10.tgz",
      "integrity": "sha1-mKT3TRZIcc+syw32793yt7y6pUs=",
      "optional": true
    },
    "@next/swc-win32-x64-msvc": {
      "version": "12.0.10",
      "resolved": "http://npm.zhenguanyu.com/@next/swc-win32-x64-msvc/download/@next/swc-win32-x64-msvc-12.0.10.tgz",
      "integrity": "sha1-XAupi2lcS+RNh5Ov9ClxoNrGXC0=",
      "optional": true
    },
    "caniuse-lite": {
      "version": "1.0.30001320",
      "resolved": "http://npm.zhenguanyu.com/caniuse-lite/download/caniuse-lite-1.0.30001320.tgz",
      "integrity": "sha1-g5c5G+w4m4zM4yhjZJm3KE7hMoU="
    },
    "js-tokens": {
      "version": "4.0.0",
      "resolved": "http://npm.zhenguanyu.com/js-tokens/download/js-tokens-4.0.0.tgz",
      "integrity": "sha1-GSA/tZmR35jjoocFDUZHzerzJJk="
    },
    "loose-envify": {
      "version": "1.4.0",
      "resolved": "http://npm.zhenguanyu.com/loose-envify/download/loose-envify-1.4.0.tgz",
      "integrity": "sha1-ce5R+nvkyuwaY4OffmgtgTLTDK8=",
      "requires": {
        "js-tokens": "^3.0.0 || ^4.0.0"
      }
    },
    "nanoid": {
      "version": "3.3.2",
      "resolved": "http://npm.zhenguanyu.com/nanoid/download/nanoid-3.3.2.tgz",
      "integrity": "sha1-yJYi+vtDgc0iFCHGnsWFR6HuxVc="
    },
    "next": {
      "version": "12.0.10",
      "resolved": "http://npm.zhenguanyu.com/next/download/next-12.0.10.tgz",
      "integrity": "sha1-/MRYQXdBi9d3zhV/MWW3ul53CPc=",
      "requires": {
        "@next/env": "12.0.10",
        "@next/swc-android-arm64": "12.0.10",
        "@next/swc-darwin-arm64": "12.0.10",
        "@next/swc-darwin-x64": "12.0.10",
        "@next/swc-linux-arm-gnueabihf": "12.0.10",
        "@next/swc-linux-arm64-gnu": "12.0.10",
        "@next/swc-linux-arm64-musl": "12.0.10",
        "@next/swc-linux-x64-gnu": "12.0.10",
        "@next/swc-linux-x64-musl": "12.0.10",
        "@next/swc-win32-arm64-msvc": "12.0.10",
        "@next/swc-win32-ia32-msvc": "12.0.10",
        "@next/swc-win32-x64-msvc": "12.0.10",
        "caniuse-lite": "^1.0.30001283",
        "postcss": "8.4.5",
        "styled-jsx": "5.0.0",
        "use-subscription": "1.5.1"
      }
    },
    "object-assign": {
      "version": "4.1.1",
      "resolved": "http://npm.zhenguanyu.com/object-assign/download/object-assign-4.1.1.tgz",
      "integrity": "sha1-IQmtx5ZYh8/AXLvUQsrIv7s2CGM="
    },
    "picocolors": {
      "version": "1.0.0",
      "resolved": "http://npm.zhenguanyu.com/picocolors/download/picocolors-1.0.0.tgz",
      "integrity": "sha1-y1vcdP8/UYkiNur3nWi8RFZKuBw="
    },
    "postcss": {
      "version": "8.4.5",
      "resolved": "http://npm.zhenguanyu.com/postcss/download/postcss-8.4.5.tgz",
      "integrity": "sha1-uuZldk39TG/MJNwP3356oAzHf5U=",
      "requires": {
        "nanoid": "^3.1.30",
        "picocolors": "^1.0.0",
        "source-map-js": "^1.0.1"
      }
    },
    "react": {
      "version": "17.0.2",
      "resolved": "http://npm.zhenguanyu.com/react/download/react-17.0.2.tgz",
      "integrity": "sha1-0LXMUW0p6z7uOD91tihkz7aAADc=",
      "requires": {
        "loose-envify": "^1.1.0",
        "object-assign": "^4.1.1"
      }
    },
    "react-dom": {
      "version": "17.0.2",
      "resolved": "http://npm.zhenguanyu.com/react-dom/download/react-dom-17.0.2.tgz",
      "integrity": "sha1-7P+2hF462Nv83EmPDQqTlzZQLCM=",
      "requires": {
        "loose-envify": "^1.1.0",
        "object-assign": "^4.1.1",
        "scheduler": "^0.20.2"
      }
    },
    "scheduler": {
      "version": "0.20.2",
      "resolved": "http://npm.zhenguanyu.com/scheduler/download/scheduler-0.20.2.tgz",
      "integrity": "sha1-S67jlDbjSqk7SHS93L8P6Li1DpE=",
      "requires": {
        "loose-envify": "^1.1.0",
        "object-assign": "^4.1.1"
      }
    },
    "source-map-js": {
      "version": "1.0.2",
      "resolved": "http://npm.zhenguanyu.com/source-map-js/download/source-map-js-1.0.2.tgz",
      "integrity": "sha1-rbw2HZxi3zgBJefxYfccgm8eSQw="
    },
    "styled-jsx": {
      "version": "5.0.0",
      "resolved": "http://npm.zhenguanyu.com/styled-jsx/download/styled-jsx-5.0.0.tgz",
      "integrity": "sha1-gWtLkuB7F4bGtxEYIXUOC6TSbnc="
    },
    "use-subscription": {
      "version": "1.5.1",
      "resolved": "http://npm.zhenguanyu.com/use-subscription/download/use-subscription-1.5.1.tgz",
      "integrity": "sha1-c1ARB/AvrYTG3VeWW+sLdcaMQtE=",
      "requires": {
        "object-assign": "^4.1.1"
      }
    }
  }
}
